
Microsoft Visual Studio Solution File, Format Version 12.00
# Visual Studio Version 16
VisualStudioVersion = 16.0.29613.14
MinimumVisualStudioVersion = 15.0.26124.0
Project("{9A19103F-16F7-4668-BE54-9A1E7A4F7556}") = "Bll.Contract", "Bll.Contract\Bll.Contract.csproj", "{E0E88521-E970-4B79-9EAE-AD73274E2884}"
EndProject
Project("{9A19103F-16F7-4668-BE54-9A1E7A4F7556}") = "Bll.Implementation", "Bll.Implementation\Bll.Implementation.csproj", "{31D41742-33AE-4A9E-BC97-C26AF2362D29}"
EndProject
Project("{9A19103F-16F7-4668-BE54-9A1E7A4F7556}") = "Dal.Contract", "Dal.Contract\Dal.Contract.csproj", "{37B127F9-60EE-4FD7-842E-E9877F21C431}"
EndProject
Project("{9A19103F-16F7-4668-BE54-9A1E7A4F7556}") = "Dal.Implementation", "Dal.Implementation\Dal.Implementation.csproj", "{2ED6FCD7-B793-48C2-8CD4-2565E623F80B}"
EndProject
Project("{FAE04EC0-301F-11D3-BF4B-00C04F79EFBC}") = "DependencyResolver", "DependencyResolver\DependencyResolver.csproj", "{3568B80E-5A2C-4EAE-B33D-47A938763BF2}"
EndProject
Project("{FAE04EC0-301F-11D3-BF4B-00C04F79EFBC}") = "SolidTaskConsole", "SolidTaskConsole\SolidTaskConsole.csproj", "{5E4FF3FE-1D26-4A4F-9A0D-1F2694EF50D6}"
EndProject
Global
	GlobalSection(SolutionConfigurationPlatforms) = preSolution
		Debug|Any CPU = Debug|Any CPU
		Debug|x64 = Debug|x64
		Debug|x86 = Debug|x86
		Release|Any CPU = Release|Any CPU
		Release|x64 = Release|x64
		Release|x86 = Release|x86
	EndGlobalSection
	GlobalSection(ProjectConfigurationPlatforms) = postSolution
		{E0E88521-E970-4B79-9EAE-AD73274E2884}.Debug|Any CPU.ActiveCfg = Debug|Any CPU
		{E0E88521-E970-4B79-9EAE-AD73274E2884}.Debug|Any CPU.Build.0 = Debug|Any CPU
		{E0E88521-E970-4B79-9EAE-AD73274E2884}.Debug|x64.ActiveCfg = Debug|Any CPU
		{E0E88521-E970-4B79-9EAE-AD73274E2884}.Debug|x64.Build.0 = Debug|Any CPU
		{E0E88521-E970-4B79-9EAE-AD73274E2884}.Debug|x86.ActiveCfg = Debug|Any CPU
		{E0E88521-E970-4B79-9EAE-AD73274E2884}.Debug|x86.Build.0 = Debug|Any CPU
		{E0E88521-E970-4B79-9EAE-AD73274E2884}.Release|Any CPU.ActiveCfg = Release|Any CPU
		{E0E88521-E970-4B79-9EAE-AD73274E2884}.Release|Any CPU.Build.0 = Release|Any CPU
		{E0E88521-E970-4B79-9EAE-AD73274E2884}.Release|x64.ActiveCfg = Release|Any CPU
		{E0E88521-E970-4B79-9EAE-AD73274E2884}.Release|x64.Build.0 = Release|Any CPU
		{E0E88521-E970-4B79-9EAE-AD73274E2884}.Release|x86.ActiveCfg = Release|Any CPU
		{E0E88521-E970-4B79-9EAE-AD73274E2884}.Release|x86.Build.0 = Release|Any CPU
		{31D41742-33AE-4A9E-BC97-C26AF2362D29}.Debug|Any CPU.ActiveCfg = Debug|Any CPU
		{31D41742-33AE-4A9E-BC97-C26AF2362D29}.Debug|Any CPU.Build.0 = Debug|Any CPU
		{31D41742-33AE-4A9E-BC97-C26AF2362D29}.Debug|x64.ActiveCfg = Debug|Any CPU
		{31D41742-33AE-4A9E-BC97-C26AF2362D29}.Debug|x64.Build.0 = Debug|Any CPU
		{31D41742-33AE-4A9E-BC97-C26AF2362D29}.Debug|x86.ActiveCfg = Debug|Any CPU
		{31D41742-33AE-4A9E-BC97-C26AF2362D29}.Debug|x86.Build.0 = Debug|Any CPU
		{31D41742-33AE-4A9E-BC97-C26AF2362D29}.Release|Any CPU.ActiveCfg = Release|Any CPU
		{31D41742-33AE-4A9E-BC97-C26AF2362D29}.Release|Any CPU.Build.0 = Release|Any CPU
		{31D41742-33AE-4A9E-BC97-C26AF2362D29}.Release|x64.ActiveCfg = Release|Any CPU
		{31D41742-33AE-4A9E-BC97-C26AF2362D29}.Release|x64.Build.0 = Release|Any CPU
		{31D41742-33AE-4A9E-BC97-C26AF2362D29}.Release|x86.ActiveCfg = Release|Any CPU
		{31D41742-33AE-4A9E-BC97-C26AF2362D29}.Release|x86.Build.0 = Release|Any CPU
		{37B127F9-60EE-4FD7-842E-E9877F21C431}.Debug|Any CPU.ActiveCfg = Debug|Any CPU
		{37B127F9-60EE-4FD7-842E-E9877F21C431}.Debug|Any CPU.Build.0 = Debug|Any CPU
		{37B127F9-60EE-4FD7-842E-E9877F21C431}.Debug|x64.ActiveCfg = Debug|Any CPU
		{37B127F9-60EE-4FD7-842E-E9877F21C431}.Debug|x64.Build.0 = Debug|Any CPU
		{37B127F9-60EE-4FD7-842E-E9877F21C431}.Debug|x86.ActiveCfg = Debug|Any CPU
		{37B127F9-60EE-4FD7-842E-E9877F21C431}.Debug|x86.Build.0 = Debug|Any CPU
		{37B127F9-60EE-4FD7-842E-E9877F21C431}.Release|Any CPU.ActiveCfg = Release|Any CPU
		{37B127F9-60EE-4FD7-842E-E9877F21C431}.Release|Any CPU.Build.0 = Release|Any CPU
		{37B127F9-60EE-4FD7-842E-E9877F21C431}.Release|x64.ActiveCfg = Release|Any CPU
		{37B127F9-60EE-4FD7-842E-E9877F21C431}.Release|x64.Build.0 = Release|Any CPU
		{37B127F9-60EE-4FD7-842E-E9877F21C431}.Release|x86.ActiveCfg = Release|Any CPU
		{37B127F9-60EE-4FD7-842E-E9877F21C431}.Release|x86.Build.0 = Release|Any CPU
		{2ED6FCD7-B793-48C2-8CD4-2565E623F80B}.Debug|Any CPU.ActiveCfg = Debug|Any CPU
		{2ED6FCD7-B793-48C2-8CD4-2565E623F80B}.Debug|Any CPU.Build.0 = Debug|Any CPU
		{2ED6FCD7-B793-48C2-8CD4-2565E623F80B}.Debug|x64.ActiveCfg = Debug|Any CPU
		{2ED6FCD7-B793-48C2-8CD4-2565E623F80B}.Debug|x64.Build.0 = Debug|Any CPU
		{2ED6FCD7-B793-48C2-8CD4-2565E623F80B}.Debug|x86.ActiveCfg = Debug|Any CPU
		{2ED6FCD7-B793-48C2-8CD4-2565E623F80B}.Debug|x86.Build.0 = Debug|Any CPU
		{2ED6FCD7-B793-48C2-8CD4-2565E623F80B}.Release|Any CPU.ActiveCfg = Release|Any CPU
		{2ED6FCD7-B793-48C2-8CD4-2565E623F80B}.Release|Any CPU.Build.0 = Release|Any CPU
		{2ED6FCD7-B793-48C2-8CD4-2565E623F80B}.Release|x64.ActiveCfg = Release|Any CPU
		{2ED6FCD7-B793-48C2-8CD4-2565E623F80B}.Release|x64.Build.0 = Release|Any CPU
		{2ED6FCD7-B793-48C2-8CD4-2565E623F80B}.Release|x86.ActiveCfg = Release|Any CPU
		{2ED6FCD7-B793-48C2-8CD4-2565E623F80B}.Release|x86.Build.0 = Release|Any CPU
		{3568B80E-5A2C-4EAE-B33D-47A938763BF2}.Debug|Any CPU.ActiveCfg = Debug|Any CPU
		{3568B80E-5A2C-4EAE-B33D-47A938763BF2}.Debug|Any CPU.Build.0 = Debug|Any CPU
		{3568B80E-5A2C-4EAE-B33D-47A938763BF2}.Debug|x64.ActiveCfg = Debug|Any CPU
		{3568B80E-5A2C-4EAE-B33D-47A938763BF2}.Debug|x64.Build.0 = Debug|Any CPU
		{3568B80E-5A2C-4EAE-B33D-47A938763BF2}.Debug|x86.ActiveCfg = Debug|Any CPU
		{3568B80E-5A2C-4EAE-B33D-47A938763BF2}.Debug|x86.Build.0 = Debug|Any CPU
		{3568B80E-5A2C-4EAE-B33D-47A938763BF2}.Release|Any CPU.ActiveCfg = Release|Any CPU
		{3568B80E-5A2C-4EAE-B33D-47A938763BF2}.Release|Any CPU.Build.0 = Release|Any CPU
		{3568B80E-5A2C-4EAE-B33D-47A938763BF2}.Release|x64.ActiveCfg = Release|Any CPU
		{3568B80E-5A2C-4EAE-B33D-47A938763BF2}.Release|x64.Build.0 = Release|Any CPU
		{3568B80E-5A2C-4EAE-B33D-47A938763BF2}.Release|x86.ActiveCfg = Release|Any CPU
		{3568B80E-5A2C-4EAE-B33D-47A938763BF2}.Release|x86.Build.0 = Release|Any CPU
		{5E4FF3FE-1D26-4A4F-9A0D-1F2694EF50D6}.Debug|Any CPU.ActiveCfg = Debug|Any CPU
		{5E4FF3FE-1D26-4A4F-9A0D-1F2694EF50D6}.Debug|Any CPU.Build.0 = Debug|Any CPU
		{5E4FF3FE-1D26-4A4F-9A0D-1F2694EF50D6}.Debug|x64.ActiveCfg = Debug|Any CPU
		{5E4FF3FE-1D26-4A4F-9A0D-1F2694EF50D6}.Debug|x64.Build.0 = Debug|Any CPU
		{5E4FF3FE-1D26-4A4F-9A0D-1F2694EF50D6}.Debug|x86.ActiveCfg = Debug|Any CPU
		{5E4FF3FE-1D26-4A4F-9A0D-1F2694EF50D6}.Debug|x86.Build.0 = Debug|Any CPU
		{5E4FF3FE-1D26-4A4F-9A0D-1F2694EF50D6}.Release|Any CPU.ActiveCfg = Release|Any CPU
		{5E4FF3FE-1D26-4A4F-9A0D-1F2694EF50D6}.Release|Any CPU.Build.0 = Release|Any CPU
		{5E4FF3FE-1D26-4A4F-9A0D-1F2694EF50D6}.Release|x64.ActiveCfg = Release|Any CPU
		{5E4FF3FE-1D26-4A4F-9A0D-1F2694EF50D6}.Release|x64.Build.0 = Release|Any CPU
		{5E4FF3FE-1D26-4A4F-9A0D-1F2694EF50D6}.Release|x86.ActiveCfg = Release|Any CPU
		{5E4FF3FE-1D26-4A4F-9A0D-1F2694EF50D6}.Release|x86.Build.0 = Release|Any CPU
	EndGlobalSection
	GlobalSection(SolutionProperties) = preSolution
		HideSolutionNode = FALSE
	EndGlobalSection
	GlobalSection(ExtensibilityGlobals) = postSolution
		SolutionGuid = {201790C9-91EA-4598-9C16-965FD9FB2882}
	EndGlobalSection
EndGlobal
